
Microsoft Visual Studio Solution File, Format Version 12.00
# Visual Studio Version 16
VisualStudioVersion = 16.0.30717.126
MinimumVisualStudioVersion = 10.0.40219.1
Project("{FAE04EC0-301F-11D3-BF4B-00C04F79EFBC}") = "CLBouteille", "CLBouteille\CLBouteille.csproj", "{0C1B9A90-8C8F-42D9-BA64-A880F9387EAE}"
EndProject
Project("{FAE04EC0-301F-11D3-BF4B-00C04F79EFBC}") = "ConsoleApp1", "ConsoleApp1\ConsoleApp1.csproj", "{EDBF059A-2FFE-489E-AA8B-F0F2E2DDD6B4}"
EndProject
Project("{FAE04EC0-301F-11D3-BF4B-00C04F79EFBC}") = "WFPassageDuneFenetreALautre", "WFPassageDuneFenetreALautre\WFPassageDuneFenetreALautre.csproj", "{EF7CB943-DD88-49D2-9F21-30406674D96C}"
EndProject
Global
	GlobalSection(SolutionConfigurationPlatforms) = preSolution
		Debug|Any CPU = Debug|Any CPU
		Release|Any CPU = Release|Any CPU
	EndGlobalSection
	GlobalSection(ProjectConfigurationPlatforms) = postSolution
		{0C1B9A90-8C8F-42D9-BA64-A880F9387EAE}.Debug|Any CPU.ActiveCfg = Debug|Any CPU
		{0C1B9A90-8C8F-42D9-BA64-A880F9387EAE}.Debug|Any CPU.Build.0 = Debug|Any CPU
		{0C1B9A90-8C8F-42D9-BA64-A880F9387EAE}.Release|Any CPU.ActiveCfg = Release|Any CPU
		{0C1B9A90-8C8F-42D9-BA64-A880F9387EAE}.Release|Any CPU.Build.0 = Release|Any CPU
		{EDBF059A-2FFE-489E-AA8B-F0F2E2DDD6B4}.Debug|Any CPU.ActiveCfg = Debug|Any CPU
		{EDBF059A-2FFE-489E-AA8B-F0F2E2DDD6B4}.Debug|Any CPU.Build.0 = Debug|Any CPU
		{EDBF059A-2FFE-489E-AA8B-F0F2E2DDD6B4}.Release|Any CPU.ActiveCfg = Release|Any CPU
		{EDBF059A-2FFE-489E-AA8B-F0F2E2DDD6B4}.Release|Any CPU.Build.0 = Release|Any CPU
		{EF7CB943-DD88-49D2-9F21-30406674D96C}.Debug|Any CPU.ActiveCfg = Debug|Any CPU
		{EF7CB943-DD88-49D2-9F21-30406674D96C}.Debug|Any CPU.Build.0 = Debug|Any CPU
		{EF7CB943-DD88-49D2-9F21-30406674D96C}.Release|Any CPU.ActiveCfg = Release|Any CPU
		{EF7CB943-DD88-49D2-9F21-30406674D96C}.Release|Any CPU.Build.0 = Release|Any CPU
	EndGlobalSection
	GlobalSection(SolutionProperties) = preSolution
		HideSolutionNode = FALSE
	EndGlobalSection
	GlobalSection(ExtensibilityGlobals) = postSolution
		SolutionGuid = {D89D0183-80A9-417C-8EA0-534F4D6D8B44}
	EndGlobalSection
EndGlobal
