
Microsoft Visual Studio Solution File, Format Version 12.00
# Visual Studio Version 16
VisualStudioVersion = 16.0.30717.126
MinimumVisualStudioVersion = 10.0.40219.1
Project("{FAE04EC0-301F-11D3-BF4B-00C04F79EFBC}") = "ClassLibraryVoiture", "ClassLibraryVoiture\ClassLibraryVoiture.csproj", "{780D31B1-5A13-46A5-AEC0-4583B79C53EC}"
EndProject
Project("{FAE04EC0-301F-11D3-BF4B-00C04F79EFBC}") = "ConsoleAppTestVoiture", "ConsoleAppTestVoiture\ConsoleAppTestVoiture.csproj", "{26D30732-F2F6-445A-911B-89E60B5EA314}"
EndProject
Global
	GlobalSection(SolutionConfigurationPlatforms) = preSolution
		Debug|Any CPU = Debug|Any CPU
		Release|Any CPU = Release|Any CPU
	EndGlobalSection
	GlobalSection(ProjectConfigurationPlatforms) = postSolution
		{780D31B1-5A13-46A5-AEC0-4583B79C53EC}.Debug|Any CPU.ActiveCfg = Debug|Any CPU
		{780D31B1-5A13-46A5-AEC0-4583B79C53EC}.Debug|Any CPU.Build.0 = Debug|Any CPU
		{780D31B1-5A13-46A5-AEC0-4583B79C53EC}.Release|Any CPU.ActiveCfg = Release|Any CPU
		{780D31B1-5A13-46A5-AEC0-4583B79C53EC}.Release|Any CPU.Build.0 = Release|Any CPU
		{26D30732-F2F6-445A-911B-89E60B5EA314}.Debug|Any CPU.ActiveCfg = Debug|Any CPU
		{26D30732-F2F6-445A-911B-89E60B5EA314}.Debug|Any CPU.Build.0 = Debug|Any CPU
		{26D30732-F2F6-445A-911B-89E60B5EA314}.Release|Any CPU.ActiveCfg = Release|Any CPU
		{26D30732-F2F6-445A-911B-89E60B5EA314}.Release|Any CPU.Build.0 = Release|Any CPU
	EndGlobalSection
	GlobalSection(SolutionProperties) = preSolution
		HideSolutionNode = FALSE
	EndGlobalSection
	GlobalSection(ExtensibilityGlobals) = postSolution
		SolutionGuid = {D0E1CE27-E039-45DD-80EB-86989C68D74E}
	EndGlobalSection
EndGlobal
