
Microsoft Visual Studio Solution File, Format Version 12.00
# Visual Studio Version 16
VisualStudioVersion = 16.0.30717.126
MinimumVisualStudioVersion = 10.0.40219.1
Project("{FAE04EC0-301F-11D3-BF4B-00C04F79EFBC}") = "ClassLibraryBouteille", "ClassLibraryBouteille\ClassLibraryBouteille.csproj", "{BCD088B8-EEBA-48EA-99A7-BF5FC24807F6}"
EndProject
Project("{FAE04EC0-301F-11D3-BF4B-00C04F79EFBC}") = "ConsoleAppBouteille", "ConsoleAppBouteille\ConsoleAppBouteille.csproj", "{DEF2A638-6510-4D13-A147-360B197D3246}"
EndProject
Global
	GlobalSection(SolutionConfigurationPlatforms) = preSolution
		Debug|Any CPU = Debug|Any CPU
		Release|Any CPU = Release|Any CPU
	EndGlobalSection
	GlobalSection(ProjectConfigurationPlatforms) = postSolution
		{BCD088B8-EEBA-48EA-99A7-BF5FC24807F6}.Debug|Any CPU.ActiveCfg = Debug|Any CPU
		{BCD088B8-EEBA-48EA-99A7-BF5FC24807F6}.Debug|Any CPU.Build.0 = Debug|Any CPU
		{BCD088B8-EEBA-48EA-99A7-BF5FC24807F6}.Release|Any CPU.ActiveCfg = Release|Any CPU
		{BCD088B8-EEBA-48EA-99A7-BF5FC24807F6}.Release|Any CPU.Build.0 = Release|Any CPU
		{DEF2A638-6510-4D13-A147-360B197D3246}.Debug|Any CPU.ActiveCfg = Debug|Any CPU
		{DEF2A638-6510-4D13-A147-360B197D3246}.Debug|Any CPU.Build.0 = Debug|Any CPU
		{DEF2A638-6510-4D13-A147-360B197D3246}.Release|Any CPU.ActiveCfg = Release|Any CPU
		{DEF2A638-6510-4D13-A147-360B197D3246}.Release|Any CPU.Build.0 = Release|Any CPU
	EndGlobalSection
	GlobalSection(SolutionProperties) = preSolution
		HideSolutionNode = FALSE
	EndGlobalSection
	GlobalSection(ExtensibilityGlobals) = postSolution
		SolutionGuid = {EA22936D-D90B-430F-BE4A-63D1ED066C81}
	EndGlobalSection
EndGlobal
