
Microsoft Visual Studio Solution File, Format Version 12.00
# Visual Studio Version 16
VisualStudioVersion = 16.0.30717.126
MinimumVisualStudioVersion = 10.0.40219.1
Project("{FAE04EC0-301F-11D3-BF4B-00C04F79EFBC}") = "ConsoleAppTelevision", "ConsoleAppTelevision\ConsoleAppTelevision.csproj", "{A238430B-604F-4A97-A8C6-45A3C9C1CFFB}"
EndProject
Project("{FAE04EC0-301F-11D3-BF4B-00C04F79EFBC}") = "ClassLibraryTelevision", "ClassLibraryTelevision\ClassLibraryTelevision.csproj", "{95008F3F-7FCA-41ED-B376-878BC6E60E58}"
EndProject
Project("{2150E333-8FDC-42A3-9474-1A3956D46DE8}") = "Television", "Television", "{266936E4-EE53-4840-84F5-FCF08343EEB8}"
EndProject
Project("{FAE04EC0-301F-11D3-BF4B-00C04F79EFBC}") = "UnitTestProjectTelevision", "UnitTestProjectTelevision\UnitTestProjectTelevision.csproj", "{BA0C1AE8-5A4E-43B7-AB6A-20EB65A42929}"
EndProject
Project("{F184B08F-C81C-45F6-A57F-5ABD9991F28F}") = "WebApplicationTelevision", "WebApplicationTelevision\WebApplicationTelevision.vbproj", "{1253D409-0F60-4CDE-A680-CC621F2EBD64}"
EndProject
Global
	GlobalSection(SolutionConfigurationPlatforms) = preSolution
		Debug|Any CPU = Debug|Any CPU
		Release|Any CPU = Release|Any CPU
	EndGlobalSection
	GlobalSection(ProjectConfigurationPlatforms) = postSolution
		{A238430B-604F-4A97-A8C6-45A3C9C1CFFB}.Debug|Any CPU.ActiveCfg = Debug|Any CPU
		{A238430B-604F-4A97-A8C6-45A3C9C1CFFB}.Debug|Any CPU.Build.0 = Debug|Any CPU
		{A238430B-604F-4A97-A8C6-45A3C9C1CFFB}.Release|Any CPU.ActiveCfg = Release|Any CPU
		{A238430B-604F-4A97-A8C6-45A3C9C1CFFB}.Release|Any CPU.Build.0 = Release|Any CPU
		{95008F3F-7FCA-41ED-B376-878BC6E60E58}.Debug|Any CPU.ActiveCfg = Debug|Any CPU
		{95008F3F-7FCA-41ED-B376-878BC6E60E58}.Debug|Any CPU.Build.0 = Debug|Any CPU
		{95008F3F-7FCA-41ED-B376-878BC6E60E58}.Release|Any CPU.ActiveCfg = Release|Any CPU
		{95008F3F-7FCA-41ED-B376-878BC6E60E58}.Release|Any CPU.Build.0 = Release|Any CPU
		{BA0C1AE8-5A4E-43B7-AB6A-20EB65A42929}.Debug|Any CPU.ActiveCfg = Debug|Any CPU
		{BA0C1AE8-5A4E-43B7-AB6A-20EB65A42929}.Debug|Any CPU.Build.0 = Debug|Any CPU
		{BA0C1AE8-5A4E-43B7-AB6A-20EB65A42929}.Release|Any CPU.ActiveCfg = Release|Any CPU
		{BA0C1AE8-5A4E-43B7-AB6A-20EB65A42929}.Release|Any CPU.Build.0 = Release|Any CPU
		{1253D409-0F60-4CDE-A680-CC621F2EBD64}.Debug|Any CPU.ActiveCfg = Debug|Any CPU
		{1253D409-0F60-4CDE-A680-CC621F2EBD64}.Debug|Any CPU.Build.0 = Debug|Any CPU
		{1253D409-0F60-4CDE-A680-CC621F2EBD64}.Release|Any CPU.ActiveCfg = Release|Any CPU
		{1253D409-0F60-4CDE-A680-CC621F2EBD64}.Release|Any CPU.Build.0 = Release|Any CPU
	EndGlobalSection
	GlobalSection(SolutionProperties) = preSolution
		HideSolutionNode = FALSE
	EndGlobalSection
	GlobalSection(NestedProjects) = preSolution
		{A238430B-604F-4A97-A8C6-45A3C9C1CFFB} = {266936E4-EE53-4840-84F5-FCF08343EEB8}
		{95008F3F-7FCA-41ED-B376-878BC6E60E58} = {266936E4-EE53-4840-84F5-FCF08343EEB8}
		{BA0C1AE8-5A4E-43B7-AB6A-20EB65A42929} = {266936E4-EE53-4840-84F5-FCF08343EEB8}
		{1253D409-0F60-4CDE-A680-CC621F2EBD64} = {266936E4-EE53-4840-84F5-FCF08343EEB8}
	EndGlobalSection
	GlobalSection(ExtensibilityGlobals) = postSolution
		SolutionGuid = {A46BC0CF-A863-4E74-B16E-DD2C79B39AF1}
	EndGlobalSection
EndGlobal
